
Microsoft Visual Studio Solution File, Format Version 12.00
# Visual Studio Version 17
VisualStudioVersion = 17.8.34330.188
MinimumVisualStudioVersion = 10.0.40219.1
Project("{FAE04EC0-301F-11D3-BF4B-00C04F79EFBC}") = "DesignPatterns2", "DesignPatterns2.csproj", "{69301BE0-FFE3-4669-AD7E-02478746987D}"
EndProject
Global
	GlobalSection(SolutionConfigurationPlatforms) = preSolution
		Debug|Any CPU = Debug|Any CPU
		Release|Any CPU = Release|Any CPU
	EndGlobalSection
	GlobalSection(ProjectConfigurationPlatforms) = postSolution
		{69301BE0-FFE3-4669-AD7E-02478746987D}.Debug|Any CPU.ActiveCfg = Debug|Any CPU
		{69301BE0-FFE3-4669-AD7E-02478746987D}.Debug|Any CPU.Build.0 = Debug|Any CPU
		{69301BE0-FFE3-4669-AD7E-02478746987D}.Release|Any CPU.ActiveCfg = Release|Any CPU
		{69301BE0-FFE3-4669-AD7E-02478746987D}.Release|Any CPU.Build.0 = Release|Any CPU
	EndGlobalSection
	GlobalSection(SolutionProperties) = preSolution
		HideSolutionNode = FALSE
	EndGlobalSection
	GlobalSection(ExtensibilityGlobals) = postSolution
		SolutionGuid = {389B5343-6905-4D80-AB5B-1097C9B5DCC7}
	EndGlobalSection
EndGlobal
